
Microsoft Visual Studio Solution File, Format Version 12.00
# Visual Studio Version 17
VisualStudioVersion = 17.14.36518.9 d17.14
MinimumVisualStudioVersion = 10.0.40219.1
Project("{FAE04EC0-301F-11D3-BF4B-00C04F79EFBC}") = "One_Kick_Heroes_Academy", "One_Kick_Heroes_Academy.csproj", "{1A572F2A-EEF2-4596-BAB8-9972835CD736}"
EndProject
Global
	GlobalSection(SolutionConfigurationPlatforms) = preSolution
		Debug|Any CPU = Debug|Any CPU
		Release|Any CPU = Release|Any CPU
	EndGlobalSection
	GlobalSection(ProjectConfigurationPlatforms) = postSolution
		{1A572F2A-EEF2-4596-BAB8-9972835CD736}.Debug|Any CPU.ActiveCfg = Debug|Any CPU
		{1A572F2A-EEF2-4596-BAB8-9972835CD736}.Debug|Any CPU.Build.0 = Debug|Any CPU
		{1A572F2A-EEF2-4596-BAB8-9972835CD736}.Release|Any CPU.ActiveCfg = Release|Any CPU
		{1A572F2A-EEF2-4596-BAB8-9972835CD736}.Release|Any CPU.Build.0 = Release|Any CPU
	EndGlobalSection
	GlobalSection(SolutionProperties) = preSolution
		HideSolutionNode = FALSE
	EndGlobalSection
	GlobalSection(ExtensibilityGlobals) = postSolution
		SolutionGuid = {7EF2C9B1-EC4C-40A1-BB49-9BFDDF32F20C}
	EndGlobalSection
EndGlobal
